
Microsoft Visual Studio Solution File, Format Version 12.00
# Visual Studio Version 16
VisualStudioVersion = 16.0.30406.217
MinimumVisualStudioVersion = 10.0.40219.1
Project("{8BC9CEB8-8B4A-11D0-8D11-00A0C91BC942}") = "CppLinq", "CppLinq\CppLinq.vcxproj", "{25FD8AC6-A2C2-4F0C-9B66-6E9930807128}"
EndProject
Project("{8BC9CEB8-8B4A-11D0-8D11-00A0C91BC942}") = "CppLinq.Console", "CppLinq.Console\CppLinq.Console.vcxproj", "{7D520DD1-7E59-407E-A9CB-D9A2CBD85651}"
EndProject
Project("{8BC9CEB8-8B4A-11D0-8D11-00A0C91BC942}") = "CppLinq.MFC", "CppLinq.MFC\CppLinq.MFC.vcxproj", "{81F87034-3672-488C-BDF1-FF60D2BF778F}"
EndProject
Global
	GlobalSection(SolutionConfigurationPlatforms) = preSolution
		Debug|x64 = Debug|x64
		Debug|x86 = Debug|x86
		Release|x64 = Release|x64
		Release|x86 = Release|x86
	EndGlobalSection
	GlobalSection(ProjectConfigurationPlatforms) = postSolution
		{25FD8AC6-A2C2-4F0C-9B66-6E9930807128}.Debug|x64.ActiveCfg = Debug|x64
		{25FD8AC6-A2C2-4F0C-9B66-6E9930807128}.Debug|x64.Build.0 = Debug|x64
		{25FD8AC6-A2C2-4F0C-9B66-6E9930807128}.Debug|x86.ActiveCfg = Debug|Win32
		{25FD8AC6-A2C2-4F0C-9B66-6E9930807128}.Debug|x86.Build.0 = Debug|Win32
		{25FD8AC6-A2C2-4F0C-9B66-6E9930807128}.Release|x64.ActiveCfg = Release|x64
		{25FD8AC6-A2C2-4F0C-9B66-6E9930807128}.Release|x64.Build.0 = Release|x64
		{25FD8AC6-A2C2-4F0C-9B66-6E9930807128}.Release|x86.ActiveCfg = Release|Win32
		{25FD8AC6-A2C2-4F0C-9B66-6E9930807128}.Release|x86.Build.0 = Release|Win32
		{7D520DD1-7E59-407E-A9CB-D9A2CBD85651}.Debug|x64.ActiveCfg = Debug|x64
		{7D520DD1-7E59-407E-A9CB-D9A2CBD85651}.Debug|x64.Build.0 = Debug|x64
		{7D520DD1-7E59-407E-A9CB-D9A2CBD85651}.Debug|x86.ActiveCfg = Debug|Win32
		{7D520DD1-7E59-407E-A9CB-D9A2CBD85651}.Debug|x86.Build.0 = Debug|Win32
		{7D520DD1-7E59-407E-A9CB-D9A2CBD85651}.Release|x64.ActiveCfg = Release|x64
		{7D520DD1-7E59-407E-A9CB-D9A2CBD85651}.Release|x64.Build.0 = Release|x64
		{7D520DD1-7E59-407E-A9CB-D9A2CBD85651}.Release|x86.ActiveCfg = Release|Win32
		{7D520DD1-7E59-407E-A9CB-D9A2CBD85651}.Release|x86.Build.0 = Release|Win32
		{81F87034-3672-488C-BDF1-FF60D2BF778F}.Debug|x64.ActiveCfg = Debug|x64
		{81F87034-3672-488C-BDF1-FF60D2BF778F}.Debug|x64.Build.0 = Debug|x64
		{81F87034-3672-488C-BDF1-FF60D2BF778F}.Debug|x86.ActiveCfg = Debug|Win32
		{81F87034-3672-488C-BDF1-FF60D2BF778F}.Debug|x86.Build.0 = Debug|Win32
		{81F87034-3672-488C-BDF1-FF60D2BF778F}.Release|x64.ActiveCfg = Release|x64
		{81F87034-3672-488C-BDF1-FF60D2BF778F}.Release|x64.Build.0 = Release|x64
		{81F87034-3672-488C-BDF1-FF60D2BF778F}.Release|x86.ActiveCfg = Release|Win32
		{81F87034-3672-488C-BDF1-FF60D2BF778F}.Release|x86.Build.0 = Release|Win32
	EndGlobalSection
	GlobalSection(SolutionProperties) = preSolution
		HideSolutionNode = FALSE
	EndGlobalSection
	GlobalSection(ExtensibilityGlobals) = postSolution
		SolutionGuid = {53893C47-8134-4276-B1D7-F47463541A28}
	EndGlobalSection
EndGlobal
